// !$*UTF8*$!
{
	archiveVersion = 1;
	classes = {
	};
	objectVersion = 56;
	objects = {

/* Begin PBXBuildFile section */
		965D90AC2A4C833800A03EF5 /* RecipeSaverApp.swift in Sources */ = {isa = PBXBuildFile; fileRef = 965D90AB2A4C833800A03EF5 /* RecipeSaverApp.swift */; };
		965D90AE2A4C833800A03EF5 /* ContentView.swift in Sources */ = {isa = PBXBuildFile; fileRef = 965D90AD2A4C833800A03EF5 /* ContentView.swift */; };
		965D90B02A4C833A00A03EF5 /* Assets.xcassets in Resources */ = {isa = PBXBuildFile; fileRef = 965D90AF2A4C833A00A03EF5 /* Assets.xcassets */; };
		965D90B32A4C833A00A03EF5 /* Preview Assets.xcassets in Resources */ = {isa = PBXBuildFile; fileRef = 965D90B22A4C833A00A03EF5 /* Preview Assets.xcassets */; };
		965D90C02A4C842900A03EF5 /* HomeView.swift in Sources */ = {isa = PBXBuildFile; fileRef = 965D90BF2A4C842900A03EF5 /* HomeView.swift */; };
		965D90C22A4C843700A03EF5 /* CategoriesView.swift in Sources */ = {isa = PBXBuildFile; fileRef = 965D90C12A4C843700A03EF5 /* CategoriesView.swift */; };
		965D90C42A4C844500A03EF5 /* NewRecipeView.swift in Sources */ = {isa = PBXBuildFile; fileRef = 965D90C32A4C844500A03EF5 /* NewRecipeView.swift */; };
		965D90C62A4C845300A03EF5 /* FavoritesView.swift in Sources */ = {isa = PBXBuildFile; fileRef = 965D90C52A4C845300A03EF5 /* FavoritesView.swift */; };
		965D90C82A4C845D00A03EF5 /* SettingsView.swift in Sources */ = {isa = PBXBuildFile; fileRef = 965D90C72A4C845D00A03EF5 /* SettingsView.swift */; };
		965D90CA2A4C852A00A03EF5 /* RecipeCard.swift in Sources */ = {isa = PBXBuildFile; fileRef = 965D90C92A4C852A00A03EF5 /* RecipeCard.swift */; };
		965D90CC2A4C855D00A03EF5 /* RecipeList.swift in Sources */ = {isa = PBXBuildFile; fileRef = 965D90CB2A4C855D00A03EF5 /* RecipeList.swift */; };
		965D90CE2A4C858900A03EF5 /* AddRecipeView.swift in Sources */ = {isa = PBXBuildFile; fileRef = 965D90CD2A4C858900A03EF5 /* AddRecipeView.swift */; };
		965D90D02A4C85AB00A03EF5 /* CategoryView.swift in Sources */ = {isa = PBXBuildFile; fileRef = 965D90CF2A4C85AB00A03EF5 /* CategoryView.swift */; };
		965D90D22A4C85BF00A03EF5 /* RecipeView.swift in Sources */ = {isa = PBXBuildFile; fileRef = 965D90D12A4C85BF00A03EF5 /* RecipeView.swift */; };
		965D90D42A4C861F00A03EF5 /* TabBar.swift in Sources */ = {isa = PBXBuildFile; fileRef = 965D90D32A4C861F00A03EF5 /* TabBar.swift */; };
		965D90D62A4C869100A03EF5 /* RecipeModel.swift in Sources */ = {isa = PBXBuildFile; fileRef = 965D90D52A4C869100A03EF5 /* RecipeModel.swift */; };
		965D90D82A4C873300A03EF5 /* RecipesViewModel.swift in Sources */ = {isa = PBXBuildFile; fileRef = 965D90D72A4C873300A03EF5 /* RecipesViewModel.swift */; };
		965D90DD2A4C894700A03EF5 /* SplashScreenView.swift in Sources */ = {isa = PBXBuildFile; fileRef = 965D90DC2A4C894700A03EF5 /* SplashScreenView.swift */; };
/* End PBXBuildFile section */

/* Begin PBXFileReference section */
		965D90A82A4C833800A03EF5 /* RecipeSaver.app */ = {isa = PBXFileReference; explicitFileType = wrapper.application; includeInIndex = 0; path = RecipeSaver.app; sourceTree = BUILT_PRODUCTS_DIR; };
		965D90AB2A4C833800A03EF5 /* RecipeSaverApp.swift */ = {isa = PBXFileReference; lastKnownFileType = sourcecode.swift; path = RecipeSaverApp.swift; sourceTree = "<group>"; };
		965D90AD2A4C833800A03EF5 /* ContentView.swift */ = {isa = PBXFileReference; lastKnownFileType = sourcecode.swift; path = ContentView.swift; sourceTree = "<group>"; };
		965D90AF2A4C833A00A03EF5 /* Assets.xcassets */ = {isa = PBXFileReference; lastKnownFileType = folder.assetcatalog; path = Assets.xcassets; sourceTree = "<group>"; };
		965D90B22A4C833A00A03EF5 /* Preview Assets.xcassets */ = {isa = PBXFileReference; lastKnownFileType = folder.assetcatalog; path = "Preview Assets.xcassets"; sourceTree = "<group>"; };
		965D90BF2A4C842900A03EF5 /* HomeView.swift */ = {isa = PBXFileReference; lastKnownFileType = sourcecode.swift; path = HomeView.swift; sourceTree = "<group>"; };
		965D90C12A4C843700A03EF5 /* CategoriesView.swift */ = {isa = PBXFileReference; lastKnownFileType = sourcecode.swift; path = CategoriesView.swift; sourceTree = "<group>"; };
		965D90C32A4C844500A03EF5 /* NewRecipeView.swift */ = {isa = PBXFileReference; lastKnownFileType = sourcecode.swift; path = NewRecipeView.swift; sourceTree = "<group>"; };
		965D90C52A4C845300A03EF5 /* FavoritesView.swift */ = {isa = PBXFileReference; lastKnownFileType = sourcecode.swift; path = FavoritesView.swift; sourceTree = "<group>"; };
		965D90C72A4C845D00A03EF5 /* SettingsView.swift */ = {isa = PBXFileReference; lastKnownFileType = sourcecode.swift; path = SettingsView.swift; sourceTree = "<group>"; };
		965D90C92A4C852A00A03EF5 /* RecipeCard.swift */ = {isa = PBXFileReference; lastKnownFileType = sourcecode.swift; path = RecipeCard.swift; sourceTree = "<group>"; };
		965D90CB2A4C855D00A03EF5 /* RecipeList.swift */ = {isa = PBXFileReference; lastKnownFileType = sourcecode.swift; path = RecipeList.swift; sourceTree = "<group>"; };
		965D90CD2A4C858900A03EF5 /* AddRecipeView.swift */ = {isa = PBXFileReference; lastKnownFileType = sourcecode.swift; path = AddRecipeView.swift; sourceTree = "<group>"; };
		965D90CF2A4C85AB00A03EF5 /* CategoryView.swift */ = {isa = PBXFileReference; lastKnownFileType = sourcecode.swift; path = CategoryView.swift; sourceTree = "<group>"; };
		965D90D12A4C85BF00A03EF5 /* RecipeView.swift */ = {isa = PBXFileReference; lastKnownFileType = sourcecode.swift; path = RecipeView.swift; sourceTree = "<group>"; };
		965D90D32A4C861F00A03EF5 /* TabBar.swift */ = {isa = PBXFileReference; lastKnownFileType = sourcecode.swift; path = TabBar.swift; sourceTree = "<group>"; };
		965D90D52A4C869100A03EF5 /* RecipeModel.swift */ = {isa = PBXFileReference; lastKnownFileType = sourcecode.swift; path = RecipeModel.swift; sourceTree = "<group>"; };
		965D90D72A4C873300A03EF5 /* RecipesViewModel.swift */ = {isa = PBXFileReference; lastKnownFileType = sourcecode.swift; path = RecipesViewModel.swift; sourceTree = "<group>"; };
		965D90DC2A4C894700A03EF5 /* SplashScreenView.swift */ = {isa = PBXFileReference; lastKnownFileType = sourcecode.swift; path = SplashScreenView.swift; sourceTree = "<group>"; };
/* End PBXFileReference section */

/* Begin PBXFrameworksBuildPhase section */
		965D90A52A4C833800A03EF5 /* Frameworks */ = {
			isa = PBXFrameworksBuildPhase;
			buildActionMask = 2147483647;
			files = (
			);
			runOnlyForDeploymentPostprocessing = 0;
		};
/* End PBXFrameworksBuildPhase section */

/* Begin PBXGroup section */
		965D909F2A4C833800A03EF5 = {
			isa = PBXGroup;
			children = (
				965D90AA2A4C833800A03EF5 /* RecipeSaver */,
				965D90A92A4C833800A03EF5 /* Products */,
			);
			sourceTree = "<group>";
		};
		965D90A92A4C833800A03EF5 /* Products */ = {
			isa = PBXGroup;
			children = (
				965D90A82A4C833800A03EF5 /* RecipeSaver.app */,
			);
			name = Products;
			sourceTree = "<group>";
		};
		965D90AA2A4C833800A03EF5 /* RecipeSaver */ = {
			isa = PBXGroup;
			children = (
				965D90AB2A4C833800A03EF5 /* RecipeSaverApp.swift */,
				965D90BA2A4C835700A03EF5 /* Views */,
				965D90BD2A4C83DE00A03EF5 /* ViewModels */,
				965D90BE2A4C83EF00A03EF5 /* Models */,
				965D90BB2A4C837500A03EF5 /* ignore */,
				965D90AF2A4C833A00A03EF5 /* Assets.xcassets */,
				965D90B12A4C833A00A03EF5 /* Preview Content */,
			);
			path = RecipeSaver;
			sourceTree = "<group>";
		};
		965D90B12A4C833A00A03EF5 /* Preview Content */ = {
			isa = PBXGroup;
			children = (
				965D90B22A4C833A00A03EF5 /* Preview Assets.xcassets */,
			);
			path = "Preview Content";
			sourceTree = "<group>";
		};
		965D90B92A4C834C00A03EF5 /* Main */ = {
			isa = PBXGroup;
			children = (
				965D90AD2A4C833800A03EF5 /* ContentView.swift */,
				965D90BF2A4C842900A03EF5 /* HomeView.swift */,
				965D90C32A4C844500A03EF5 /* NewRecipeView.swift */,
				965D90C52A4C845300A03EF5 /* FavoritesView.swift */,
				965D90C72A4C845D00A03EF5 /* SettingsView.swift */,
				965D90D32A4C861F00A03EF5 /* TabBar.swift */,
				965D90D12A4C85BF00A03EF5 /* RecipeView.swift */,
			);
			path = Main;
			sourceTree = "<group>";
		};
		965D90BA2A4C835700A03EF5 /* Views */ = {
			isa = PBXGroup;
			children = (
				965D90DC2A4C894700A03EF5 /* SplashScreenView.swift */,
				965D90B92A4C834C00A03EF5 /* Main */,
				965D90BC2A4C83B400A03EF5 /* Components */,
			);
			path = Views;
			sourceTree = "<group>";
		};
		965D90BB2A4C837500A03EF5 /* ignore */ = {
			isa = PBXGroup;
			children = (
				965D90C12A4C843700A03EF5 /* CategoriesView.swift */,
				965D90CD2A4C858900A03EF5 /* AddRecipeView.swift */,
				965D90CF2A4C85AB00A03EF5 /* CategoryView.swift */,
			);
			path = ignore;
			sourceTree = "<group>";
		};
		965D90BC2A4C83B400A03EF5 /* Components */ = {
			isa = PBXGroup;
			children = (
				965D90C92A4C852A00A03EF5 /* RecipeCard.swift */,
				965D90CB2A4C855D00A03EF5 /* RecipeList.swift */,
			);
			path = Components;
			sourceTree = "<group>";
		};
		965D90BD2A4C83DE00A03EF5 /* ViewModels */ = {
			isa = PBXGroup;
			children = (
				965D90D72A4C873300A03EF5 /* RecipesViewModel.swift */,
			);
			path = ViewModels;
			sourceTree = "<group>";
		};
		965D90BE2A4C83EF00A03EF5 /* Models */ = {
			isa = PBXGroup;
			children = (
				965D90D52A4C869100A03EF5 /* RecipeModel.swift */,
			);
			path = Models;
			sourceTree = "<group>";
		};
/* End PBXGroup section */

/* Begin PBXNativeTarget section */
		965D90A72A4C833800A03EF5 /* RecipeSaver */ = {
			isa = PBXNativeTarget;
			buildConfigurationList = 965D90B62A4C833A00A03EF5 /* Build configuration list for PBXNativeTarget "RecipeSaver" */;
			buildPhases = (
				965D90A42A4C833800A03EF5 /* Sources */,
				965D90A52A4C833800A03EF5 /* Frameworks */,
				965D90A62A4C833800A03EF5 /* Resources */,
			);
			buildRules = (
			);
			dependencies = (
			);
			name = RecipeSaver;
			productName = RecipeSaver;
			productReference = 965D90A82A4C833800A03EF5 /* RecipeSaver.app */;
			productType = "com.apple.product-type.application";
		};
/* End PBXNativeTarget section */

/* Begin PBXProject section */
		965D90A02A4C833800A03EF5 /* Project object */ = {
			isa = PBXProject;
			attributes = {
				BuildIndependentTargetsInParallel = 1;
				LastSwiftUpdateCheck = 1500;
				LastUpgradeCheck = 1500;
				TargetAttributes = {
					965D90A72A4C833800A03EF5 = {
						CreatedOnToolsVersion = 15.0;
					};
				};
			};
			buildConfigurationList = 965D90A32A4C833800A03EF5 /* Build configuration list for PBXProject "RecipeSaver" */;
			compatibilityVersion = "Xcode 14.0";
			developmentRegion = en;
			hasScannedForEncodings = 0;
			knownRegions = (
				en,
				Base,
			);
			mainGroup = 965D909F2A4C833800A03EF5;
			productRefGroup = 965D90A92A4C833800A03EF5 /* Products */;
			projectDirPath = "";
			projectRoot = "";
			targets = (
				965D90A72A4C833800A03EF5 /* RecipeSaver */,
			);
		};
/* End PBXProject section */

/* Begin PBXResourcesBuildPhase section */
		965D90A62A4C833800A03EF5 /* Resources */ = {
			isa = PBXResourcesBuildPhase;
			buildActionMask = 2147483647;
			files = (
				965D90B32A4C833A00A03EF5 /* Preview Assets.xcassets in Resources */,
				965D90B02A4C833A00A03EF5 /* Assets.xcassets in Resources */,
			);
			runOnlyForDeploymentPostprocessing = 0;
		};
/* End PBXResourcesBuildPhase section */

/* Begin PBXSourcesBuildPhase section */
		965D90A42A4C833800A03EF5 /* Sources */ = {
			isa = PBXSourcesBuildPhase;
			buildActionMask = 2147483647;
			files = (
				965D90C82A4C845D00A03EF5 /* SettingsView.swift in Sources */,
				965D90CC2A4C855D00A03EF5 /* RecipeList.swift in Sources */,
				965D90C22A4C843700A03EF5 /* CategoriesView.swift in Sources */,
				965D90C42A4C844500A03EF5 /* NewRecipeView.swift in Sources */,
				965D90CE2A4C858900A03EF5 /* AddRecipeView.swift in Sources */,
				965D90D02A4C85AB00A03EF5 /* CategoryView.swift in Sources */,
				965D90D22A4C85BF00A03EF5 /* RecipeView.swift in Sources */,
				965D90DD2A4C894700A03EF5 /* SplashScreenView.swift in Sources */,
				965D90D62A4C869100A03EF5 /* RecipeModel.swift in Sources */,
				965D90C62A4C845300A03EF5 /* FavoritesView.swift in Sources */,
				965D90C02A4C842900A03EF5 /* HomeView.swift in Sources */,
				965D90D42A4C861F00A03EF5 /* TabBar.swift in Sources */,
				965D90CA2A4C852A00A03EF5 /* RecipeCard.swift in Sources */,
				965D90D82A4C873300A03EF5 /* RecipesViewModel.swift in Sources */,
				965D90AE2A4C833800A03EF5 /* ContentView.swift in Sources */,
				965D90AC2A4C833800A03EF5 /* RecipeSaverApp.swift in Sources */,
			);
			runOnlyForDeploymentPostprocessing = 0;
		};
/* End PBXSourcesBuildPhase section */

/* Begin XCBuildConfiguration section */
		965D90B42A4C833A00A03EF5 /* Debug */ = {
			isa = XCBuildConfiguration;
			buildSettings = {
				ALWAYS_SEARCH_USER_PATHS = NO;
				ASSETCATALOG_COMPILER_GENERATE_SWIFT_ASSET_SYMBOL_EXTENSIONS = YES;
				CLANG_ANALYZER_NONNULL = YES;
				CLANG_ANALYZER_NUMBER_OBJECT_CONVERSION = YES_AGGRESSIVE;
				CLANG_CXX_LANGUAGE_STANDARD = "gnu++20";
				CLANG_ENABLE_MODULES = YES;
				CLANG_ENABLE_OBJC_ARC = YES;
				CLANG_ENABLE_OBJC_WEAK = YES;
				CLANG_WARN_BLOCK_CAPTURE_AUTORELEASING = YES;
				CLANG_WARN_BOOL_CONVERSION = YES;
				CLANG_WARN_COMMA = YES;
				CLANG_WARN_CONSTANT_CONVERSION = YES;
				CLANG_WARN_DEPRECATED_OBJC_IMPLEMENTATIONS = YES;
				CLANG_WARN_DIRECT_OBJC_ISA_USAGE = YES_ERROR;
				CLANG_WARN_DOCUMENTATION_COMMENTS = YES;
				CLANG_WARN_EMPTY_BODY = YES;
				CLANG_WARN_ENUM_CONVERSION = YES;
				CLANG_WARN_INFINITE_RECURSION = YES;
				CLANG_WARN_INT_CONVERSION = YES;
				CLANG_WARN_NON_LITERAL_NULL_CONVERSION = YES;
				CLANG_WARN_OBJC_IMPLICIT_RETAIN_SELF = YES;
				CLANG_WARN_OBJC_LITERAL_CONVERSION = YES;
				CLANG_WARN_OBJC_ROOT_CLASS = YES_ERROR;
				CLANG_WARN_QUOTED_INCLUDE_IN_FRAMEWORK_HEADER = YES;
				CLANG_WARN_RANGE_LOOP_ANALYSIS = YES;
				CLANG_WARN_STRICT_PROTOTYPES = YES;
				CLANG_WARN_SUSPICIOUS_MOVE = YES;
				CLANG_WARN_UNGUARDED_AVAILABILITY = YES_AGGRESSIVE;
				CLANG_WARN_UNREACHABLE_CODE = YES;
				CLANG_WARN__DUPLICATE_METHOD_MATCH = YES;
				COPY_PHASE_STRIP = NO;
				DEBUG_INFORMATION_FORMAT = dwarf;
				ENABLE_STRICT_OBJC_MSGSEND = YES;
				ENABLE_TESTABILITY = YES;
				ENABLE_USER_SCRIPT_SANDBOXING = YES;
				GCC_C_LANGUAGE_STANDARD = gnu17;
				GCC_DYNAMIC_NO_PIC = NO;
				GCC_NO_COMMON_BLOCKS = YES;
				GCC_OPTIMIZATION_LEVEL = 0;
				GCC_PREPROCESSOR_DEFINITIONS = (
					"DEBUG=1",
					"$(inherited)",
				);
				GCC_WARN_64_TO_32_BIT_CONVERSION = YES;
				GCC_WARN_ABOUT_RETURN_TYPE = YES_ERROR;
				GCC_WARN_UNDECLARED_SELECTOR = YES;
				GCC_WARN_UNINITIALIZED_AUTOS = YES_AGGRESSIVE;
				GCC_WARN_UNUSED_FUNCTION = YES;
				GCC_WARN_UNUSED_VARIABLE = YES;
				IPHONEOS_DEPLOYMENT_TARGET = 17.0;
				LOCALIZATION_PREFERS_STRING_CATALOGS = YES;
				MTL_ENABLE_DEBUG_INFO = INCLUDE_SOURCE;
				MTL_FAST_MATH = YES;
				ONLY_ACTIVE_ARCH = YES;
				SDKROOT = iphoneos;
				SWIFT_ACTIVE_COMPILATION_CONDITIONS = "DEBUG $(inherited)";
				SWIFT_OPTIMIZATION_LEVEL = "-Onone";
			};
			name = Debug;
		};
		965D90B52A4C833A00A03EF5 /* Release */ = {
			isa = XCBuildConfiguration;
			buildSettings = {
				ALWAYS_SEARCH_USER_PATHS = NO;
				ASSETCATALOG_COMPILER_GENERATE_SWIFT_ASSET_SYMBOL_EXTENSIONS = YES;
				CLANG_ANALYZER_NONNULL = YES;
				CLANG_ANALYZER_NUMBER_OBJECT_CONVERSION = YES_AGGRESSIVE;
				CLANG_CXX_LANGUAGE_STANDARD = "gnu++20";
				CLANG_ENABLE_MODULES = YES;
				CLANG_ENABLE_OBJC_ARC = YES;
				CLANG_ENABLE_OBJC_WEAK = YES;
				CLANG_WARN_BLOCK_CAPTURE_AUTORELEASING = YES;
				CLANG_WARN_BOOL_CONVERSION = YES;
				CLANG_WARN_COMMA = YES;
				CLANG_WARN_CONSTANT_CONVERSION = YES;
				CLANG_WARN_DEPRECATED_OBJC_IMPLEMENTATIONS = YES;
				CLANG_WARN_DIRECT_OBJC_ISA_USAGE = YES_ERROR;
				CLANG_WARN_DOCUMENTATION_COMMENTS = YES;
				CLANG_WARN_EMPTY_BODY = YES;
				CLANG_WARN_ENUM_CONVERSION = YES;
				CLANG_WARN_INFINITE_RECURSION = YES;
				CLANG_WARN_INT_CONVERSION = YES;
				CLANG_WARN_NON_LITERAL_NULL_CONVERSION = YES;
				CLANG_WARN_OBJC_IMPLICIT_RETAIN_SELF = YES;
				CLANG_WARN_OBJC_LITERAL_CONVERSION = YES;
				CLANG_WARN_OBJC_ROOT_CLASS = YES_ERROR;
				CLANG_WARN_QUOTED_INCLUDE_IN_FRAMEWORK_HEADER = YES;
				CLANG_WARN_RANGE_LOOP_ANALYSIS = YES;
				CLANG_WARN_STRICT_PROTOTYPES = YES;
				CLANG_WARN_SUSPICIOUS_MOVE = YES;
				CLANG_WARN_UNGUARDED_AVAILABILITY = YES_AGGRESSIVE;
				CLANG_WARN_UNREACHABLE_CODE = YES;
				CLANG_WARN__DUPLICATE_METHOD_MATCH = YES;
				COPY_PHASE_STRIP = NO;
				DEBUG_INFORMATION_FORMAT = "dwarf-with-dsym";
				ENABLE_NS_ASSERTIONS = NO;
				ENABLE_STRICT_OBJC_MSGSEND = YES;
				ENABLE_USER_SCRIPT_SANDBOXING = YES;
				GCC_C_LANGUAGE_STANDARD = gnu17;
				GCC_NO_COMMON_BLOCKS = YES;
				GCC_WARN_64_TO_32_BIT_CONVERSION = YES;
				GCC_WARN_ABOUT_RETURN_TYPE = YES_ERROR;
				GCC_WARN_UNDECLARED_SELECTOR = YES;
				GCC_WARN_UNINITIALIZED_AUTOS = YES_AGGRESSIVE;
				GCC_WARN_UNUSED_FUNCTION = YES;
				GCC_WARN_UNUSED_VARIABLE = YES;
				IPHONEOS_DEPLOYMENT_TARGET = 17.0;
				LOCALIZATION_PREFERS_STRING_CATALOGS = YES;
				MTL_ENABLE_DEBUG_INFO = NO;
				MTL_FAST_MATH = YES;
				SDKROOT = iphoneos;
				SWIFT_COMPILATION_MODE = wholemodule;
				VALIDATE_PRODUCT = YES;
			};
			name = Release;
		};
		965D90B72A4C833A00A03EF5 /* Debug */ = {
			isa = XCBuildConfiguration;
			buildSettings = {
				ASSETCATALOG_COMPILER_APPICON_NAME = AppIcon;
				ASSETCATALOG_COMPILER_GLOBAL_ACCENT_COLOR_NAME = AccentColor;
				CODE_SIGN_STYLE = Automatic;
				CURRENT_PROJECT_VERSION = 1;
				DEVELOPMENT_ASSET_PATHS = "\"RecipeSaver/Preview Content\"";
				ENABLE_PREVIEWS = YES;
				GENERATE_INFOPLIST_FILE = YES;
				INFOPLIST_KEY_UIApplicationSceneManifest_Generation = YES;
				INFOPLIST_KEY_UIApplicationSupportsIndirectInputEvents = YES;
				INFOPLIST_KEY_UILaunchScreen_Generation = YES;
				INFOPLIST_KEY_UISupportedInterfaceOrientations_iPad = "UIInterfaceOrientationPortrait UIInterfaceOrientationPortraitUpsideDown UIInterfaceOrientationLandscapeLeft UIInterfaceOrientationLandscapeRight";
				INFOPLIST_KEY_UISupportedInterfaceOrientations_iPhone = "UIInterfaceOrientationPortrait UIInterfaceOrientationLandscapeLeft UIInterfaceOrientationLandscapeRight";
				LD_RUNPATH_SEARCH_PATHS = (
					"$(inherited)",
					"@executable_path/Frameworks",
				);
				MARKETING_VERSION = 1.0;
				PRODUCT_BUNDLE_IDENTIFIER = KWK.RecipeSaver;
				PRODUCT_NAME = "$(TARGET_NAME)";
				SWIFT_EMIT_LOC_STRINGS = YES;
				SWIFT_VERSION = 5.0;
				TARGETED_DEVICE_FAMILY = "1,2";
			};
			name = Debug;
		};
		965D90B82A4C833A00A03EF5 /* Release */ = {
			isa = XCBuildConfiguration;
			buildSettings = {
				ASSETCATALOG_COMPILER_APPICON_NAME = AppIcon;
				ASSETCATALOG_COMPILER_GLOBAL_ACCENT_COLOR_NAME = AccentColor;
				CODE_SIGN_STYLE = Automatic;
				CURRENT_PROJECT_VERSION = 1;
				DEVELOPMENT_ASSET_PATHS = "\"RecipeSaver/Preview Content\"";
				ENABLE_PREVIEWS = YES;
				GENERATE_INFOPLIST_FILE = YES;
				INFOPLIST_KEY_UIApplicationSceneManifest_Generation = YES;
				INFOPLIST_KEY_UIApplicationSupportsIndirectInputEvents = YES;
				INFOPLIST_KEY_UILaunchScreen_Generation = YES;
				INFOPLIST_KEY_UISupportedInterfaceOrientations_iPad = "UIInterfaceOrientationPortrait UIInterfaceOrientationPortraitUpsideDown UIInterfaceOrientationLandscapeLeft UIInterfaceOrientationLandscapeRight";
				INFOPLIST_KEY_UISupportedInterfaceOrientations_iPhone = "UIInterfaceOrientationPortrait UIInterfaceOrientationLandscapeLeft UIInterfaceOrientationLandscapeRight";
				LD_RUNPATH_SEARCH_PATHS = (
					"$(inherited)",
					"@executable_path/Frameworks",
				);
				MARKETING_VERSION = 1.0;
				PRODUCT_BUNDLE_IDENTIFIER = KWK.RecipeSaver;
				PRODUCT_NAME = "$(TARGET_NAME)";
				SWIFT_EMIT_LOC_STRINGS = YES;
				SWIFT_VERSION = 5.0;
				TARGETED_DEVICE_FAMILY = "1,2";
			};
			name = Release;
		};
/* End XCBuildConfiguration section */

/* Begin XCConfigurationList section */
		965D90A32A4C833800A03EF5 /* Build configuration list for PBXProject "RecipeSaver" */ = {
			isa = XCConfigurationList;
			buildConfigurations = (
				965D90B42A4C833A00A03EF5 /* Debug */,
				965D90B52A4C833A00A03EF5 /* Release */,
			);
			defaultConfigurationIsVisible = 0;
			defaultConfigurationName = Release;
		};
		965D90B62A4C833A00A03EF5 /* Build configuration list for PBXNativeTarget "RecipeSaver" */ = {
			isa = XCConfigurationList;
			buildConfigurations = (
				965D90B72A4C833A00A03EF5 /* Debug */,
				965D90B82A4C833A00A03EF5 /* Release */,
			);
			defaultConfigurationIsVisible = 0;
			defaultConfigurationName = Release;
		};
/* End XCConfigurationList section */
	};
	rootObject = 965D90A02A4C833800A03EF5 /* Project object */;
}
